
Microsoft Visual Studio Solution File, Format Version 12.00
# Visual Studio Version 17
VisualStudioVersion = 17.0.31919.166
MinimumVisualStudioVersion = 10.0.40219.1
Project("{FAE04EC0-301F-11D3-BF4B-00C04F79EFBC}") = "TechYatraApi", "TechYatraApi\TechYatraApi.csproj", "{6E5EE979-999A-4312-98D8-6009CC50C25B}"
EndProject
Project("{FAE04EC0-301F-11D3-BF4B-00C04F79EFBC}") = "Entities", "Entities\Entities.csproj", "{68D26BC1-D619-4CAF-A69A-80BA2AC503AF}"
EndProject
Global
	GlobalSection(SolutionConfigurationPlatforms) = preSolution
		Debug|Any CPU = Debug|Any CPU
		Release|Any CPU = Release|Any CPU
	EndGlobalSection
	GlobalSection(ProjectConfigurationPlatforms) = postSolution
		{6E5EE979-999A-4312-98D8-6009CC50C25B}.Debug|Any CPU.ActiveCfg = Debug|Any CPU
		{6E5EE979-999A-4312-98D8-6009CC50C25B}.Debug|Any CPU.Build.0 = Debug|Any CPU
		{6E5EE979-999A-4312-98D8-6009CC50C25B}.Release|Any CPU.ActiveCfg = Release|Any CPU
		{6E5EE979-999A-4312-98D8-6009CC50C25B}.Release|Any CPU.Build.0 = Release|Any CPU
		{68D26BC1-D619-4CAF-A69A-80BA2AC503AF}.Debug|Any CPU.ActiveCfg = Debug|Any CPU
		{68D26BC1-D619-4CAF-A69A-80BA2AC503AF}.Debug|Any CPU.Build.0 = Debug|Any CPU
		{68D26BC1-D619-4CAF-A69A-80BA2AC503AF}.Release|Any CPU.ActiveCfg = Release|Any CPU
		{68D26BC1-D619-4CAF-A69A-80BA2AC503AF}.Release|Any CPU.Build.0 = Release|Any CPU
	EndGlobalSection
	GlobalSection(SolutionProperties) = preSolution
		HideSolutionNode = FALSE
	EndGlobalSection
	GlobalSection(ExtensibilityGlobals) = postSolution
		SolutionGuid = {54F359EB-3EEB-479D-85B6-52310A8BA203}
	EndGlobalSection
EndGlobal
